
Microsoft Visual Studio Solution File, Format Version 12.00
# Visual Studio 15
VisualStudioVersion = 15.0.28010.2003
MinimumVisualStudioVersion = 10.0.40219.1
Project("{159641D6-6404-4A2A-AE62-294DE0FE8301}") = "ProcesstabularModel", "ProcesstabularModel\ProcesstabularModel.dtproj", "{D0CDC3CA-D57F-4DB0-BE97-4C54F591F1BA}"
EndProject
Global
	GlobalSection(SolutionConfigurationPlatforms) = preSolution
		Development|Default = Development|Default
	EndGlobalSection
	GlobalSection(ProjectConfigurationPlatforms) = postSolution
		{D0CDC3CA-D57F-4DB0-BE97-4C54F591F1BA}.Development|Default.ActiveCfg = Development
		{D0CDC3CA-D57F-4DB0-BE97-4C54F591F1BA}.Development|Default.Build.0 = Development
	EndGlobalSection
	GlobalSection(SolutionProperties) = preSolution
		HideSolutionNode = FALSE
	EndGlobalSection
	GlobalSection(ExtensibilityGlobals) = postSolution
		SolutionGuid = {FBB8F4C4-D0BB-4738-B89B-211E0D28B803}
	EndGlobalSection
EndGlobal
