
Microsoft Visual Studio Solution File, Format Version 12.00
# Visual Studio 15
VisualStudioVersion = 15.0.27703.2047
MinimumVisualStudioVersion = 10.0.40219.1
Project("{159641D6-6404-4A2A-AE62-294DE0FE8301}") = "InitialLoad_AZRetailDWH", "InitialLoad_OnlineRetailDWH\InitialLoad_AZRetailDWH.dtproj", "{0B59AF05-A944-4F9A-A57D-86BEBDB4835F}"
EndProject
Global
	GlobalSection(SolutionConfigurationPlatforms) = preSolution
		Development|Default = Development|Default
	EndGlobalSection
	GlobalSection(ProjectConfigurationPlatforms) = postSolution
		{0B59AF05-A944-4F9A-A57D-86BEBDB4835F}.Development|Default.ActiveCfg = Development
		{0B59AF05-A944-4F9A-A57D-86BEBDB4835F}.Development|Default.Build.0 = Development
	EndGlobalSection
	GlobalSection(SolutionProperties) = preSolution
		HideSolutionNode = FALSE
	EndGlobalSection
	GlobalSection(ExtensibilityGlobals) = postSolution
		SolutionGuid = {F84A47B1-FE15-4A75-BFBD-14CF86031094}
	EndGlobalSection
EndGlobal
