
Microsoft Visual Studio Solution File, Format Version 12.00
# Visual Studio 15
VisualStudioVersion = 15.0.27703.2047
MinimumVisualStudioVersion = 10.0.40219.1
Project("{159641D6-6404-4A2A-AE62-294DE0FE8301}") = "Load_Stage", "Load_Stage\Load_Stage.dtproj", "{F3DFAF15-4B9E-4F75-9C92-BA25D64F985A}"
EndProject
Global
	GlobalSection(SolutionConfigurationPlatforms) = preSolution
		Development|Default = Development|Default
	EndGlobalSection
	GlobalSection(ProjectConfigurationPlatforms) = postSolution
		{F3DFAF15-4B9E-4F75-9C92-BA25D64F985A}.Development|Default.ActiveCfg = Development
		{F3DFAF15-4B9E-4F75-9C92-BA25D64F985A}.Development|Default.Build.0 = Development
	EndGlobalSection
	GlobalSection(SolutionProperties) = preSolution
		HideSolutionNode = FALSE
	EndGlobalSection
	GlobalSection(ExtensibilityGlobals) = postSolution
		SolutionGuid = {3E7D2530-CBB4-4C21-BC3E-58ADCB4A59C0}
	EndGlobalSection
EndGlobal
